// !$*UTF8*$!
{
	archiveVersion = 1;
	classes = {
	};
	objectVersion = 51;
	objects = {

/* Begin PBXBuildFile section */
		17520DB96C25A7EF1961DB90 /* Pods_UWShareTests.framework in Frameworks */ = {isa = PBXBuildFile; fileRef = C7F47FD1172B2A53ACE97FFB /* Pods_UWShareTests.framework */; };
		9649E23123CC12FE008BBFC2 /* LoginView.swift in Sources */ = {isa = PBXBuildFile; fileRef = 9649E23023CC12FE008BBFC2 /* LoginView.swift */; };
		967DA58223D15DC2009B10A3 /* MotherView.swift in Sources */ = {isa = PBXBuildFile; fileRef = 967DA58123D15DC2009B10A3 /* MotherView.swift */; };
		967DA58423D15E67009B10A3 /* Navigator.swift in Sources */ = {isa = PBXBuildFile; fileRef = 967DA58323D15E67009B10A3 /* Navigator.swift */; };
		9683006523C8272F00AAC733 /* GoogleService-Info.plist in Resources */ = {isa = PBXBuildFile; fileRef = 9683006423C8272F00AAC733 /* GoogleService-Info.plist */; };
		9683006623C8272F00AAC733 /* GoogleService-Info.plist in Resources */ = {isa = PBXBuildFile; fileRef = 9683006423C8272F00AAC733 /* GoogleService-Info.plist */; };
		9683006723C8272F00AAC733 /* GoogleService-Info.plist in Resources */ = {isa = PBXBuildFile; fileRef = 9683006423C8272F00AAC733 /* GoogleService-Info.plist */; };
		96B078F22463A6E500C4B586 /* UIVideoPlayer.swift in Sources */ = {isa = PBXBuildFile; fileRef = 96B078F12463A6E500C4B586 /* UIVideoPlayer.swift */; };
		96B847BE23D68D4F00B9F7BC /* EmailVerification.swift in Sources */ = {isa = PBXBuildFile; fileRef = 96B847BD23D68D4F00B9F7BC /* EmailVerification.swift */; };
		96B847C023D6948100B9F7BC /* Dashboard.swift in Sources */ = {isa = PBXBuildFile; fileRef = 96B847BF23D6948100B9F7BC /* Dashboard.swift */; };
		96B847C223D6974000B9F7BC /* SubImageView.swift in Sources */ = {isa = PBXBuildFile; fileRef = 96B847C123D6974000B9F7BC /* SubImageView.swift */; };
		96B847C423D69A5600B9F7BC /* Onboarding.swift in Sources */ = {isa = PBXBuildFile; fileRef = 96B847C323D69A5600B9F7BC /* Onboarding.swift */; };
		96B847C623D69BBC00B9F7BC /* PageViewController.swift in Sources */ = {isa = PBXBuildFile; fileRef = 96B847C523D69BBC00B9F7BC /* PageViewController.swift */; };
		96D21AEC245E88230081B7C7 /* ForgotPassword.swift in Sources */ = {isa = PBXBuildFile; fileRef = 96D21AEB245E88230081B7C7 /* ForgotPassword.swift */; };
		96D992B92464E67100FE8552 /* sign up.mp4 in Resources */ = {isa = PBXBuildFile; fileRef = 96D992B82464E67100FE8552 /* sign up.mp4 */; };
		96DCF501245FBFD500F58307 /* KeyboardResponder.swift in Sources */ = {isa = PBXBuildFile; fileRef = 96DCF500245FBFD500F58307 /* KeyboardResponder.swift */; };
		96E36BEC23D7F29F00B35C39 /* Settings.swift in Sources */ = {isa = PBXBuildFile; fileRef = 96E36BEB23D7F29F00B35C39 /* Settings.swift */; };
		96E36BEE23D7F75E00B35C39 /* RideSharePost.swift in Sources */ = {isa = PBXBuildFile; fileRef = 96E36BED23D7F75E00B35C39 /* RideSharePost.swift */; };
		96E9D4A423C5530E002D949F /* AppDelegate.swift in Sources */ = {isa = PBXBuildFile; fileRef = 96E9D4A323C5530E002D949F /* AppDelegate.swift */; };
		96E9D4A623C5530E002D949F /* SceneDelegate.swift in Sources */ = {isa = PBXBuildFile; fileRef = 96E9D4A523C5530E002D949F /* SceneDelegate.swift */; };
		96E9D4A823C5530E002D949F /* SignUpView.swift in Sources */ = {isa = PBXBuildFile; fileRef = 96E9D4A723C5530E002D949F /* SignUpView.swift */; };
		96E9D4AA23C5530F002D949F /* Assets.xcassets in Resources */ = {isa = PBXBuildFile; fileRef = 96E9D4A923C5530F002D949F /* Assets.xcassets */; };
		96E9D4AD23C5530F002D949F /* Preview Assets.xcassets in Resources */ = {isa = PBXBuildFile; fileRef = 96E9D4AC23C5530F002D949F /* Preview Assets.xcassets */; };
		96E9D4BB23C55310002D949F /* UWShareTests.swift in Sources */ = {isa = PBXBuildFile; fileRef = 96E9D4BA23C55310002D949F /* UWShareTests.swift */; };
		96E9D4C623C55310002D949F /* UWShareUITests.swift in Sources */ = {isa = PBXBuildFile; fileRef = 96E9D4C523C55310002D949F /* UWShareUITests.swift */; };
		96F7CFC223E272CD00F181CD /* CreatePost.swift in Sources */ = {isa = PBXBuildFile; fileRef = 96F7CFC123E272CD00F181CD /* CreatePost.swift */; };
		96F7CFC423E279FF00F181CD /* MultilineTextField.swift in Sources */ = {isa = PBXBuildFile; fileRef = 96F7CFC323E279FF00F181CD /* MultilineTextField.swift */; };
		96F7CFC623E2821100F181CD /* MapView.swift in Sources */ = {isa = PBXBuildFile; fileRef = 96F7CFC523E2821100F181CD /* MapView.swift */; };
		96F86B8923DBF660009ECDE9 /* PostInfo.swift in Sources */ = {isa = PBXBuildFile; fileRef = 96F86B8823DBF660009ECDE9 /* PostInfo.swift */; };
		D03E21450D31154AF07C82F4 /* Pods_UWShare_UWShareUITests.framework in Frameworks */ = {isa = PBXBuildFile; fileRef = BCE78840446A9A5958D2BC44 /* Pods_UWShare_UWShareUITests.framework */; };
		D8B7DF7D22E2C782E311FB51 /* Pods_UWShare.framework in Frameworks */ = {isa = PBXBuildFile; fileRef = 0FA29EE8C955AA3279785064 /* Pods_UWShare.framework */; };
/* End PBXBuildFile section */

/* Begin PBXContainerItemProxy section */
		96E9D4B723C55310002D949F /* PBXContainerItemProxy */ = {
			isa = PBXContainerItemProxy;
			containerPortal = 96E9D49823C5530E002D949F /* Project object */;
			proxyType = 1;
			remoteGlobalIDString = 96E9D49F23C5530E002D949F;
			remoteInfo = UWShare;
		};
		96E9D4C223C55310002D949F /* PBXContainerItemProxy */ = {
			isa = PBXContainerItemProxy;
			containerPortal = 96E9D49823C5530E002D949F /* Project object */;
			proxyType = 1;
			remoteGlobalIDString = 96E9D49F23C5530E002D949F;
			remoteInfo = UWShare;
		};
/* End PBXContainerItemProxy section */

/* Begin PBXFileReference section */
		0FA29EE8C955AA3279785064 /* Pods_UWShare.framework */ = {isa = PBXFileReference; explicitFileType = wrapper.framework; includeInIndex = 0; path = Pods_UWShare.framework; sourceTree = BUILT_PRODUCTS_DIR; };
		15617050FBC210F997ABAC62 /* Pods-UWShare-UWShareUITests.release.xcconfig */ = {isa = PBXFileReference; includeInIndex = 1; lastKnownFileType = text.xcconfig; name = "Pods-UWShare-UWShareUITests.release.xcconfig"; path = "Target Support Files/Pods-UWShare-UWShareUITests/Pods-UWShare-UWShareUITests.release.xcconfig"; sourceTree = "<group>"; };
		7802717395B29DAEE0EBF3B2 /* Pods-UWShare.debug.xcconfig */ = {isa = PBXFileReference; includeInIndex = 1; lastKnownFileType = text.xcconfig; name = "Pods-UWShare.debug.xcconfig"; path = "Target Support Files/Pods-UWShare/Pods-UWShare.debug.xcconfig"; sourceTree = "<group>"; };
		900C9E59655D77EA4844F49D /* Pods-UWShareTests.release.xcconfig */ = {isa = PBXFileReference; includeInIndex = 1; lastKnownFileType = text.xcconfig; name = "Pods-UWShareTests.release.xcconfig"; path = "Target Support Files/Pods-UWShareTests/Pods-UWShareTests.release.xcconfig"; sourceTree = "<group>"; };
		9649E23023CC12FE008BBFC2 /* LoginView.swift */ = {isa = PBXFileReference; lastKnownFileType = sourcecode.swift; path = LoginView.swift; sourceTree = "<group>"; };
		967DA58123D15DC2009B10A3 /* MotherView.swift */ = {isa = PBXFileReference; lastKnownFileType = sourcecode.swift; path = MotherView.swift; sourceTree = "<group>"; };
		967DA58323D15E67009B10A3 /* Navigator.swift */ = {isa = PBXFileReference; lastKnownFileType = sourcecode.swift; path = Navigator.swift; sourceTree = "<group>"; };
		9683006423C8272F00AAC733 /* GoogleService-Info.plist */ = {isa = PBXFileReference; fileEncoding = 4; lastKnownFileType = text.plist.xml; path = "GoogleService-Info.plist"; sourceTree = "<group>"; };
		96B078F12463A6E500C4B586 /* UIVideoPlayer.swift */ = {isa = PBXFileReference; lastKnownFileType = sourcecode.swift; path = UIVideoPlayer.swift; sourceTree = "<group>"; };
		96B847BD23D68D4F00B9F7BC /* EmailVerification.swift */ = {isa = PBXFileReference; lastKnownFileType = sourcecode.swift; path = EmailVerification.swift; sourceTree = "<group>"; };
		96B847BF23D6948100B9F7BC /* Dashboard.swift */ = {isa = PBXFileReference; lastKnownFileType = sourcecode.swift; path = Dashboard.swift; sourceTree = "<group>"; };
		96B847C123D6974000B9F7BC /* SubImageView.swift */ = {isa = PBXFileReference; lastKnownFileType = sourcecode.swift; path = SubImageView.swift; sourceTree = "<group>"; };
		96B847C323D69A5600B9F7BC /* Onboarding.swift */ = {isa = PBXFileReference; lastKnownFileType = sourcecode.swift; path = Onboarding.swift; sourceTree = "<group>"; };
		96B847C523D69BBC00B9F7BC /* PageViewController.swift */ = {isa = PBXFileReference; lastKnownFileType = sourcecode.swift; path = PageViewController.swift; sourceTree = "<group>"; };
		96D21AEB245E88230081B7C7 /* ForgotPassword.swift */ = {isa = PBXFileReference; lastKnownFileType = sourcecode.swift; path = ForgotPassword.swift; sourceTree = "<group>"; };
		96D992B82464E67100FE8552 /* sign up.mp4 */ = {isa = PBXFileReference; lastKnownFileType = file; name = "sign up.mp4"; path = "../../sign up.mp4"; sourceTree = "<group>"; };
		96DCF500245FBFD500F58307 /* KeyboardResponder.swift */ = {isa = PBXFileReference; lastKnownFileType = sourcecode.swift; path = KeyboardResponder.swift; sourceTree = "<group>"; };
		96E36BEB23D7F29F00B35C39 /* Settings.swift */ = {isa = PBXFileReference; lastKnownFileType = sourcecode.swift; path = Settings.swift; sourceTree = "<group>"; };
		96E36BED23D7F75E00B35C39 /* RideSharePost.swift */ = {isa = PBXFileReference; lastKnownFileType = sourcecode.swift; path = RideSharePost.swift; sourceTree = "<group>"; };
		96E9D4A023C5530E002D949F /* UWShare.app */ = {isa = PBXFileReference; explicitFileType = wrapper.application; includeInIndex = 0; path = UWShare.app; sourceTree = BUILT_PRODUCTS_DIR; };
		96E9D4A323C5530E002D949F /* AppDelegate.swift */ = {isa = PBXFileReference; lastKnownFileType = sourcecode.swift; path = AppDelegate.swift; sourceTree = "<group>"; };
		96E9D4A523C5530E002D949F /* SceneDelegate.swift */ = {isa = PBXFileReference; lastKnownFileType = sourcecode.swift; path = SceneDelegate.swift; sourceTree = "<group>"; };
		96E9D4A723C5530E002D949F /* SignUpView.swift */ = {isa = PBXFileReference; lastKnownFileType = sourcecode.swift; path = SignUpView.swift; sourceTree = "<group>"; };
		96E9D4A923C5530F002D949F /* Assets.xcassets */ = {isa = PBXFileReference; lastKnownFileType = folder.assetcatalog; path = Assets.xcassets; sourceTree = "<group>"; };
		96E9D4AC23C5530F002D949F /* Preview Assets.xcassets */ = {isa = PBXFileReference; lastKnownFileType = folder.assetcatalog; path = "Preview Assets.xcassets"; sourceTree = "<group>"; };
		96E9D4B123C5530F002D949F /* Info.plist */ = {isa = PBXFileReference; lastKnownFileType = text.plist.xml; path = Info.plist; sourceTree = "<group>"; };
		96E9D4B623C55310002D949F /* UWShareTests.xctest */ = {isa = PBXFileReference; explicitFileType = wrapper.cfbundle; includeInIndex = 0; path = UWShareTests.xctest; sourceTree = BUILT_PRODUCTS_DIR; };
		96E9D4BA23C55310002D949F /* UWShareTests.swift */ = {isa = PBXFileReference; lastKnownFileType = sourcecode.swift; path = UWShareTests.swift; sourceTree = "<group>"; };
		96E9D4BC23C55310002D949F /* Info.plist */ = {isa = PBXFileReference; lastKnownFileType = text.plist.xml; path = Info.plist; sourceTree = "<group>"; };
		96E9D4C123C55310002D949F /* UWShareUITests.xctest */ = {isa = PBXFileReference; explicitFileType = wrapper.cfbundle; includeInIndex = 0; path = UWShareUITests.xctest; sourceTree = BUILT_PRODUCTS_DIR; };
		96E9D4C523C55310002D949F /* UWShareUITests.swift */ = {isa = PBXFileReference; lastKnownFileType = sourcecode.swift; path = UWShareUITests.swift; sourceTree = "<group>"; };
		96E9D4C723C55310002D949F /* Info.plist */ = {isa = PBXFileReference; lastKnownFileType = text.plist.xml; path = Info.plist; sourceTree = "<group>"; };
		96F7CFC123E272CD00F181CD /* CreatePost.swift */ = {isa = PBXFileReference; lastKnownFileType = sourcecode.swift; path = CreatePost.swift; sourceTree = "<group>"; };
		96F7CFC323E279FF00F181CD /* MultilineTextField.swift */ = {isa = PBXFileReference; lastKnownFileType = sourcecode.swift; path = MultilineTextField.swift; sourceTree = "<group>"; };
		96F7CFC523E2821100F181CD /* MapView.swift */ = {isa = PBXFileReference; lastKnownFileType = sourcecode.swift; path = MapView.swift; sourceTree = "<group>"; };
		96F86B8823DBF660009ECDE9 /* PostInfo.swift */ = {isa = PBXFileReference; lastKnownFileType = sourcecode.swift; path = PostInfo.swift; sourceTree = "<group>"; };
		A75618E22A3106377A0370B2 /* Pods-UWShare-UWShareUITests.debug.xcconfig */ = {isa = PBXFileReference; includeInIndex = 1; lastKnownFileType = text.xcconfig; name = "Pods-UWShare-UWShareUITests.debug.xcconfig"; path = "Target Support Files/Pods-UWShare-UWShareUITests/Pods-UWShare-UWShareUITests.debug.xcconfig"; sourceTree = "<group>"; };
		B3E0DA32965622F5CC1BFA10 /* Pods-UWShare.release.xcconfig */ = {isa = PBXFileReference; includeInIndex = 1; lastKnownFileType = text.xcconfig; name = "Pods-UWShare.release.xcconfig"; path = "Target Support Files/Pods-UWShare/Pods-UWShare.release.xcconfig"; sourceTree = "<group>"; };
		BCE78840446A9A5958D2BC44 /* Pods_UWShare_UWShareUITests.framework */ = {isa = PBXFileReference; explicitFileType = wrapper.framework; includeInIndex = 0; path = Pods_UWShare_UWShareUITests.framework; sourceTree = BUILT_PRODUCTS_DIR; };
		C7F47FD1172B2A53ACE97FFB /* Pods_UWShareTests.framework */ = {isa = PBXFileReference; explicitFileType = wrapper.framework; includeInIndex = 0; path = Pods_UWShareTests.framework; sourceTree = BUILT_PRODUCTS_DIR; };
		FFC902F21D5D828664E8B8A1 /* Pods-UWShareTests.debug.xcconfig */ = {isa = PBXFileReference; includeInIndex = 1; lastKnownFileType = text.xcconfig; name = "Pods-UWShareTests.debug.xcconfig"; path = "Target Support Files/Pods-UWShareTests/Pods-UWShareTests.debug.xcconfig"; sourceTree = "<group>"; };
/* End PBXFileReference section */

/* Begin PBXFrameworksBuildPhase section */
		96E9D49D23C5530E002D949F /* Frameworks */ = {
			isa = PBXFrameworksBuildPhase;
			buildActionMask = 2147483647;
			files = (
				D8B7DF7D22E2C782E311FB51 /* Pods_UWShare.framework in Frameworks */,
			);
			runOnlyForDeploymentPostprocessing = 0;
		};
		96E9D4B323C55310002D949F /* Frameworks */ = {
			isa = PBXFrameworksBuildPhase;
			buildActionMask = 2147483647;
			files = (
				17520DB96C25A7EF1961DB90 /* Pods_UWShareTests.framework in Frameworks */,
			);
			runOnlyForDeploymentPostprocessing = 0;
		};
		96E9D4BE23C55310002D949F /* Frameworks */ = {
			isa = PBXFrameworksBuildPhase;
			buildActionMask = 2147483647;
			files = (
				D03E21450D31154AF07C82F4 /* Pods_UWShare_UWShareUITests.framework in Frameworks */,
			);
			runOnlyForDeploymentPostprocessing = 0;
		};
/* End PBXFrameworksBuildPhase section */

/* Begin PBXGroup section */
		627E07A38FFDF3F43BF15E1F /* Frameworks */ = {
			isa = PBXGroup;
			children = (
				0FA29EE8C955AA3279785064 /* Pods_UWShare.framework */,
				BCE78840446A9A5958D2BC44 /* Pods_UWShare_UWShareUITests.framework */,
				C7F47FD1172B2A53ACE97FFB /* Pods_UWShareTests.framework */,
			);
			name = Frameworks;
			sourceTree = "<group>";
		};
		96E9D49723C5530E002D949F = {
			isa = PBXGroup;
			children = (
				96E9D4A223C5530E002D949F /* UWShare */,
				96E9D4B923C55310002D949F /* UWShareTests */,
				96E9D4C423C55310002D949F /* UWShareUITests */,
				96E9D4A123C5530E002D949F /* Products */,
				DD26A2178DCA4B93C0958587 /* Pods */,
				627E07A38FFDF3F43BF15E1F /* Frameworks */,
			);
			sourceTree = "<group>";
		};
		96E9D4A123C5530E002D949F /* Products */ = {
			isa = PBXGroup;
			children = (
				96E9D4A023C5530E002D949F /* UWShare.app */,
				96E9D4B623C55310002D949F /* UWShareTests.xctest */,
				96E9D4C123C55310002D949F /* UWShareUITests.xctest */,
			);
			name = Products;
			sourceTree = "<group>";
		};
		96E9D4A223C5530E002D949F /* UWShare */ = {
			isa = PBXGroup;
			children = (
				96E36BED23D7F75E00B35C39 /* RideSharePost.swift */,
				96F86B8823DBF660009ECDE9 /* PostInfo.swift */,
				96B078F12463A6E500C4B586 /* UIVideoPlayer.swift */,
				96DCF500245FBFD500F58307 /* KeyboardResponder.swift */,
				96B847C123D6974000B9F7BC /* SubImageView.swift */,
				96F7CFC523E2821100F181CD /* MapView.swift */,
				96F7CFC323E279FF00F181CD /* MultilineTextField.swift */,
				96F7CFC123E272CD00F181CD /* CreatePost.swift */,
				96E36BEB23D7F29F00B35C39 /* Settings.swift */,
				96B847BF23D6948100B9F7BC /* Dashboard.swift */,
				96B847C523D69BBC00B9F7BC /* PageViewController.swift */,
				96D992B82464E67100FE8552 /* sign up.mp4 */,
				96B847C323D69A5600B9F7BC /* Onboarding.swift */,
				96B847BD23D68D4F00B9F7BC /* EmailVerification.swift */,
				96D21AEB245E88230081B7C7 /* ForgotPassword.swift */,
				96E9D4A723C5530E002D949F /* SignUpView.swift */,
				9649E23023CC12FE008BBFC2 /* LoginView.swift */,
				967DA58323D15E67009B10A3 /* Navigator.swift */,
				967DA58123D15DC2009B10A3 /* MotherView.swift */,
				96E9D4A323C5530E002D949F /* AppDelegate.swift */,
				96E9D4A523C5530E002D949F /* SceneDelegate.swift */,
				96E9D4A923C5530F002D949F /* Assets.xcassets */,
				9683006423C8272F00AAC733 /* GoogleService-Info.plist */,
				96E9D4B123C5530F002D949F /* Info.plist */,
				96E9D4AB23C5530F002D949F /* Preview Content */,
			);
			path = UWShare;
			sourceTree = "<group>";
		};
		96E9D4AB23C5530F002D949F /* Preview Content */ = {
			isa = PBXGroup;
			children = (
				96E9D4AC23C5530F002D949F /* Preview Assets.xcassets */,
			);
			path = "Preview Content";
			sourceTree = "<group>";
		};
		96E9D4B923C55310002D949F /* UWShareTests */ = {
			isa = PBXGroup;
			children = (
				96E9D4BA23C55310002D949F /* UWShareTests.swift */,
				96E9D4BC23C55310002D949F /* Info.plist */,
			);
			path = UWShareTests;
			sourceTree = "<group>";
		};
		96E9D4C423C55310002D949F /* UWShareUITests */ = {
			isa = PBXGroup;
			children = (
				96E9D4C523C55310002D949F /* UWShareUITests.swift */,
				96E9D4C723C55310002D949F /* Info.plist */,
			);
			path = UWShareUITests;
			sourceTree = "<group>";
		};
		DD26A2178DCA4B93C0958587 /* Pods */ = {
			isa = PBXGroup;
			children = (
				7802717395B29DAEE0EBF3B2 /* Pods-UWShare.debug.xcconfig */,
				B3E0DA32965622F5CC1BFA10 /* Pods-UWShare.release.xcconfig */,
				A75618E22A3106377A0370B2 /* Pods-UWShare-UWShareUITests.debug.xcconfig */,
				15617050FBC210F997ABAC62 /* Pods-UWShare-UWShareUITests.release.xcconfig */,
				FFC902F21D5D828664E8B8A1 /* Pods-UWShareTests.debug.xcconfig */,
				900C9E59655D77EA4844F49D /* Pods-UWShareTests.release.xcconfig */,
			);
			path = Pods;
			sourceTree = "<group>";
		};
/* End PBXGroup section */

/* Begin PBXNativeTarget section */
		96E9D49F23C5530E002D949F /* UWShare */ = {
			isa = PBXNativeTarget;
			buildConfigurationList = 96E9D4CA23C55310002D949F /* Build configuration list for PBXNativeTarget "UWShare" */;
			buildPhases = (
				12E816CFCEDE725788F23D49 /* [CP] Check Pods Manifest.lock */,
				96E9D49C23C5530E002D949F /* Sources */,
				96E9D49D23C5530E002D949F /* Frameworks */,
				96E9D49E23C5530E002D949F /* Resources */,
				FB4F03D6533D24321DE50CD1 /* [CP] Embed Pods Frameworks */,
			);
			buildRules = (
			);
			dependencies = (
			);
			name = UWShare;
			productName = UWShare;
			productReference = 96E9D4A023C5530E002D949F /* UWShare.app */;
			productType = "com.apple.product-type.application";
		};
		96E9D4B523C55310002D949F /* UWShareTests */ = {
			isa = PBXNativeTarget;
			buildConfigurationList = 96E9D4CD23C55310002D949F /* Build configuration list for PBXNativeTarget "UWShareTests" */;
			buildPhases = (
				29B424E99896656E92BE4225 /* [CP] Check Pods Manifest.lock */,
				96E9D4B223C55310002D949F /* Sources */,
				96E9D4B323C55310002D949F /* Frameworks */,
				96E9D4B423C55310002D949F /* Resources */,
			);
			buildRules = (
			);
			dependencies = (
				96E9D4B823C55310002D949F /* PBXTargetDependency */,
			);
			name = UWShareTests;
			productName = UWShareTests;
			productReference = 96E9D4B623C55310002D949F /* UWShareTests.xctest */;
			productType = "com.apple.product-type.bundle.unit-test";
		};
		96E9D4C023C55310002D949F /* UWShareUITests */ = {
			isa = PBXNativeTarget;
			buildConfigurationList = 96E9D4D023C55310002D949F /* Build configuration list for PBXNativeTarget "UWShareUITests" */;
			buildPhases = (
				BA519A49D75F7A1B8F9CA6C8 /* [CP] Check Pods Manifest.lock */,
				96E9D4BD23C55310002D949F /* Sources */,
				96E9D4BE23C55310002D949F /* Frameworks */,
				96E9D4BF23C55310002D949F /* Resources */,
				2EAA8A4225229984D2905395 /* [CP] Embed Pods Frameworks */,
			);
			buildRules = (
			);
			dependencies = (
				96E9D4C323C55310002D949F /* PBXTargetDependency */,
			);
			name = UWShareUITests;
			productName = UWShareUITests;
			productReference = 96E9D4C123C55310002D949F /* UWShareUITests.xctest */;
			productType = "com.apple.product-type.bundle.ui-testing";
		};
/* End PBXNativeTarget section */

/* Begin PBXProject section */
		96E9D49823C5530E002D949F /* Project object */ = {
			isa = PBXProject;
			attributes = {
				LastSwiftUpdateCheck = 1130;
				LastUpgradeCheck = 1130;
				ORGANIZATIONNAME = "Jason Chen";
				TargetAttributes = {
					96E9D49F23C5530E002D949F = {
						CreatedOnToolsVersion = 11.3;
					};
					96E9D4B523C55310002D949F = {
						CreatedOnToolsVersion = 11.3;
						TestTargetID = 96E9D49F23C5530E002D949F;
					};
					96E9D4C023C55310002D949F = {
						CreatedOnToolsVersion = 11.3;
						TestTargetID = 96E9D49F23C5530E002D949F;
					};
				};
			};
			buildConfigurationList = 96E9D49B23C5530E002D949F /* Build configuration list for PBXProject "UWShare" */;
			compatibilityVersion = "Xcode 9.3";
			developmentRegion = en;
			hasScannedForEncodings = 0;
			knownRegions = (
				en,
				Base,
			);
			mainGroup = 96E9D49723C5530E002D949F;
			productRefGroup = 96E9D4A123C5530E002D949F /* Products */;
			projectDirPath = "";
			projectRoot = "";
			targets = (
				96E9D49F23C5530E002D949F /* UWShare */,
				96E9D4B523C55310002D949F /* UWShareTests */,
				96E9D4C023C55310002D949F /* UWShareUITests */,
			);
		};
/* End PBXProject section */

/* Begin PBXResourcesBuildPhase section */
		96E9D49E23C5530E002D949F /* Resources */ = {
			isa = PBXResourcesBuildPhase;
			buildActionMask = 2147483647;
			files = (
				96D992B92464E67100FE8552 /* sign up.mp4 in Resources */,
				9683006523C8272F00AAC733 /* GoogleService-Info.plist in Resources */,
				96E9D4AD23C5530F002D949F /* Preview Assets.xcassets in Resources */,
				96E9D4AA23C5530F002D949F /* Assets.xcassets in Resources */,
			);
			runOnlyForDeploymentPostprocessing = 0;
		};
		96E9D4B423C55310002D949F /* Resources */ = {
			isa = PBXResourcesBuildPhase;
			buildActionMask = 2147483647;
			files = (
				9683006623C8272F00AAC733 /* GoogleService-Info.plist in Resources */,
			);
			runOnlyForDeploymentPostprocessing = 0;
		};
		96E9D4BF23C55310002D949F /* Resources */ = {
			isa = PBXResourcesBuildPhase;
			buildActionMask = 2147483647;
			files = (
				9683006723C8272F00AAC733 /* GoogleService-Info.plist in Resources */,
			);
			runOnlyForDeploymentPostprocessing = 0;
		};
/* End PBXResourcesBuildPhase section */

/* Begin PBXShellScriptBuildPhase section */
		12E816CFCEDE725788F23D49 /* [CP] Check Pods Manifest.lock */ = {
			isa = PBXShellScriptBuildPhase;
			buildActionMask = 2147483647;
			files = (
			);
			inputFileListPaths = (
			);
			inputPaths = (
				"${PODS_PODFILE_DIR_PATH}/Podfile.lock",
				"${PODS_ROOT}/Manifest.lock",
			);
			name = "[CP] Check Pods Manifest.lock";
			outputFileListPaths = (
			);
			outputPaths = (
				"$(DERIVED_FILE_DIR)/Pods-UWShare-checkManifestLockResult.txt",
			);
			runOnlyForDeploymentPostprocessing = 0;
			shellPath = /bin/sh;
			shellScript = "diff \"${PODS_PODFILE_DIR_PATH}/Podfile.lock\" \"${PODS_ROOT}/Manifest.lock\" > /dev/null\nif [ $? != 0 ] ; then\n    # print error to STDERR\n    echo \"error: The sandbox is not in sync with the Podfile.lock. Run 'pod install' or update your CocoaPods installation.\" >&2\n    exit 1\nfi\n# This output is used by Xcode 'outputs' to avoid re-running this script phase.\necho \"SUCCESS\" > \"${SCRIPT_OUTPUT_FILE_0}\"\n";
			showEnvVarsInLog = 0;
		};
		29B424E99896656E92BE4225 /* [CP] Check Pods Manifest.lock */ = {
			isa = PBXShellScriptBuildPhase;
			buildActionMask = 2147483647;
			files = (
			);
			inputFileListPaths = (
			);
			inputPaths = (
				"${PODS_PODFILE_DIR_PATH}/Podfile.lock",
				"${PODS_ROOT}/Manifest.lock",
			);
			name = "[CP] Check Pods Manifest.lock";
			outputFileListPaths = (
			);
			outputPaths = (
				"$(DERIVED_FILE_DIR)/Pods-UWShareTests-checkManifestLockResult.txt",
			);
			runOnlyForDeploymentPostprocessing = 0;
			shellPath = /bin/sh;
			shellScript = "diff \"${PODS_PODFILE_DIR_PATH}/Podfile.lock\" \"${PODS_ROOT}/Manifest.lock\" > /dev/null\nif [ $? != 0 ] ; then\n    # print error to STDERR\n    echo \"error: The sandbox is not in sync with the Podfile.lock. Run 'pod install' or update your CocoaPods installation.\" >&2\n    exit 1\nfi\n# This output is used by Xcode 'outputs' to avoid re-running this script phase.\necho \"SUCCESS\" > \"${SCRIPT_OUTPUT_FILE_0}\"\n";
			showEnvVarsInLog = 0;
		};
		2EAA8A4225229984D2905395 /* [CP] Embed Pods Frameworks */ = {
			isa = PBXShellScriptBuildPhase;
			buildActionMask = 2147483647;
			files = (
			);
			inputFileListPaths = (
				"${PODS_ROOT}/Target Support Files/Pods-UWShare-UWShareUITests/Pods-UWShare-UWShareUITests-frameworks-${CONFIGURATION}-input-files.xcfilelist",
			);
			name = "[CP] Embed Pods Frameworks";
			outputFileListPaths = (
				"${PODS_ROOT}/Target Support Files/Pods-UWShare-UWShareUITests/Pods-UWShare-UWShareUITests-frameworks-${CONFIGURATION}-output-files.xcfilelist",
			);
			runOnlyForDeploymentPostprocessing = 0;
			shellPath = /bin/sh;
			shellScript = "\"${PODS_ROOT}/Target Support Files/Pods-UWShare-UWShareUITests/Pods-UWShare-UWShareUITests-frameworks.sh\"\n";
			showEnvVarsInLog = 0;
		};
		BA519A49D75F7A1B8F9CA6C8 /* [CP] Check Pods Manifest.lock */ = {
			isa = PBXShellScriptBuildPhase;
			buildActionMask = 2147483647;
			files = (
			);
			inputFileListPaths = (
			);
			inputPaths = (
				"${PODS_PODFILE_DIR_PATH}/Podfile.lock",
				"${PODS_ROOT}/Manifest.lock",
			);
			name = "[CP] Check Pods Manifest.lock";
			outputFileListPaths = (
			);
			outputPaths = (
				"$(DERIVED_FILE_DIR)/Pods-UWShare-UWShareUITests-checkManifestLockResult.txt",
			);
			runOnlyForDeploymentPostprocessing = 0;
			shellPath = /bin/sh;
			shellScript = "diff \"${PODS_PODFILE_DIR_PATH}/Podfile.lock\" \"${PODS_ROOT}/Manifest.lock\" > /dev/null\nif [ $? != 0 ] ; then\n    # print error to STDERR\n    echo \"error: The sandbox is not in sync with the Podfile.lock. Run 'pod install' or update your CocoaPods installation.\" >&2\n    exit 1\nfi\n# This output is used by Xcode 'outputs' to avoid re-running this script phase.\necho \"SUCCESS\" > \"${SCRIPT_OUTPUT_FILE_0}\"\n";
			showEnvVarsInLog = 0;
		};
		FB4F03D6533D24321DE50CD1 /* [CP] Embed Pods Frameworks */ = {
			isa = PBXShellScriptBuildPhase;
			buildActionMask = 2147483647;
			files = (
			);
			inputFileListPaths = (
				"${PODS_ROOT}/Target Support Files/Pods-UWShare/Pods-UWShare-frameworks-${CONFIGURATION}-input-files.xcfilelist",
			);
			name = "[CP] Embed Pods Frameworks";
			outputFileListPaths = (
				"${PODS_ROOT}/Target Support Files/Pods-UWShare/Pods-UWShare-frameworks-${CONFIGURATION}-output-files.xcfilelist",
			);
			runOnlyForDeploymentPostprocessing = 0;
			shellPath = /bin/sh;
			shellScript = "\"${PODS_ROOT}/Target Support Files/Pods-UWShare/Pods-UWShare-frameworks.sh\"\n";
			showEnvVarsInLog = 0;
		};
/* End PBXShellScriptBuildPhase section */

/* Begin PBXSourcesBuildPhase section */
		96E9D49C23C5530E002D949F /* Sources */ = {
			isa = PBXSourcesBuildPhase;
			buildActionMask = 2147483647;
			files = (
				96E9D4A423C5530E002D949F /* AppDelegate.swift in Sources */,
				96B847BE23D68D4F00B9F7BC /* EmailVerification.swift in Sources */,
				96B847C623D69BBC00B9F7BC /* PageViewController.swift in Sources */,
				96F7CFC223E272CD00F181CD /* CreatePost.swift in Sources */,
				96B847C423D69A5600B9F7BC /* Onboarding.swift in Sources */,
				96E36BEE23D7F75E00B35C39 /* RideSharePost.swift in Sources */,
				96F86B8923DBF660009ECDE9 /* PostInfo.swift in Sources */,
				96B847C023D6948100B9F7BC /* Dashboard.swift in Sources */,
				96B078F22463A6E500C4B586 /* UIVideoPlayer.swift in Sources */,
				96E9D4A623C5530E002D949F /* SceneDelegate.swift in Sources */,
				96F7CFC623E2821100F181CD /* MapView.swift in Sources */,
				96E36BEC23D7F29F00B35C39 /* Settings.swift in Sources */,
				9649E23123CC12FE008BBFC2 /* LoginView.swift in Sources */,
				96E9D4A823C5530E002D949F /* SignUpView.swift in Sources */,
				967DA58223D15DC2009B10A3 /* MotherView.swift in Sources */,
				967DA58423D15E67009B10A3 /* Navigator.swift in Sources */,
				96B847C223D6974000B9F7BC /* SubImageView.swift in Sources */,
				96F7CFC423E279FF00F181CD /* MultilineTextField.swift in Sources */,
				96DCF501245FBFD500F58307 /* KeyboardResponder.swift in Sources */,
				96D21AEC245E88230081B7C7 /* ForgotPassword.swift in Sources */,
			);
			runOnlyForDeploymentPostprocessing = 0;
		};
		96E9D4B223C55310002D949F /* Sources */ = {
			isa = PBXSourcesBuildPhase;
			buildActionMask = 2147483647;
			files = (
				96E9D4BB23C55310002D949F /* UWShareTests.swift in Sources */,
			);
			runOnlyForDeploymentPostprocessing = 0;
		};
		96E9D4BD23C55310002D949F /* Sources */ = {
			isa = PBXSourcesBuildPhase;
			buildActionMask = 2147483647;
			files = (
				96E9D4C623C55310002D949F /* UWShareUITests.swift in Sources */,
			);
			runOnlyForDeploymentPostprocessing = 0;
		};
/* End PBXSourcesBuildPhase section */

/* Begin PBXTargetDependency section */
		96E9D4B823C55310002D949F /* PBXTargetDependency */ = {
			isa = PBXTargetDependency;
			target = 96E9D49F23C5530E002D949F /* UWShare */;
			targetProxy = 96E9D4B723C55310002D949F /* PBXContainerItemProxy */;
		};
		96E9D4C323C55310002D949F /* PBXTargetDependency */ = {
			isa = PBXTargetDependency;
			target = 96E9D49F23C5530E002D949F /* UWShare */;
			targetProxy = 96E9D4C223C55310002D949F /* PBXContainerItemProxy */;
		};
/* End PBXTargetDependency section */

/* Begin XCBuildConfiguration section */
		96E9D4C823C55310002D949F /* Debug */ = {
			isa = XCBuildConfiguration;
			buildSettings = {
				ALWAYS_SEARCH_USER_PATHS = NO;
				CLANG_ANALYZER_NONNULL = YES;
				CLANG_ANALYZER_NUMBER_OBJECT_CONVERSION = YES_AGGRESSIVE;
				CLANG_CXX_LANGUAGE_STANDARD = "gnu++14";
				CLANG_CXX_LIBRARY = "libc++";
				CLANG_ENABLE_MODULES = YES;
				CLANG_ENABLE_OBJC_ARC = YES;
				CLANG_ENABLE_OBJC_WEAK = YES;
				CLANG_WARN_BLOCK_CAPTURE_AUTORELEASING = YES;
				CLANG_WARN_BOOL_CONVERSION = YES;
				CLANG_WARN_COMMA = YES;
				CLANG_WARN_CONSTANT_CONVERSION = YES;
				CLANG_WARN_DEPRECATED_OBJC_IMPLEMENTATIONS = YES;
				CLANG_WARN_DIRECT_OBJC_ISA_USAGE = YES_ERROR;
				CLANG_WARN_DOCUMENTATION_COMMENTS = YES;
				CLANG_WARN_EMPTY_BODY = YES;
				CLANG_WARN_ENUM_CONVERSION = YES;
				CLANG_WARN_INFINITE_RECURSION = YES;
				CLANG_WARN_INT_CONVERSION = YES;
				CLANG_WARN_NON_LITERAL_NULL_CONVERSION = YES;
				CLANG_WARN_OBJC_IMPLICIT_RETAIN_SELF = YES;
				CLANG_WARN_OBJC_LITERAL_CONVERSION = YES;
				CLANG_WARN_OBJC_ROOT_CLASS = YES_ERROR;
				CLANG_WARN_RANGE_LOOP_ANALYSIS = YES;
				CLANG_WARN_STRICT_PROTOTYPES = YES;
				CLANG_WARN_SUSPICIOUS_MOVE = YES;
				CLANG_WARN_UNGUARDED_AVAILABILITY = YES_AGGRESSIVE;
				CLANG_WARN_UNREACHABLE_CODE = YES;
				CLANG_WARN__DUPLICATE_METHOD_MATCH = YES;
				COPY_PHASE_STRIP = NO;
				DEBUG_INFORMATION_FORMAT = dwarf;
				ENABLE_STRICT_OBJC_MSGSEND = YES;
				ENABLE_TESTABILITY = YES;
				GCC_C_LANGUAGE_STANDARD = gnu11;
				GCC_DYNAMIC_NO_PIC = NO;
				GCC_NO_COMMON_BLOCKS = YES;
				GCC_OPTIMIZATION_LEVEL = 0;
				GCC_PREPROCESSOR_DEFINITIONS = (
					"DEBUG=1",
					"$(inherited)",
				);
				GCC_WARN_64_TO_32_BIT_CONVERSION = YES;
				GCC_WARN_ABOUT_RETURN_TYPE = YES_ERROR;
				GCC_WARN_UNDECLARED_SELECTOR = YES;
				GCC_WARN_UNINITIALIZED_AUTOS = YES_AGGRESSIVE;
				GCC_WARN_UNUSED_FUNCTION = YES;
				GCC_WARN_UNUSED_VARIABLE = YES;
				IPHONEOS_DEPLOYMENT_TARGET = 13.2;
				MTL_ENABLE_DEBUG_INFO = INCLUDE_SOURCE;
				MTL_FAST_MATH = YES;
				ONLY_ACTIVE_ARCH = YES;
				SDKROOT = iphoneos;
				SWIFT_ACTIVE_COMPILATION_CONDITIONS = DEBUG;
				SWIFT_OPTIMIZATION_LEVEL = "-Onone";
			};
			name = Debug;
		};
		96E9D4C923C55310002D949F /* Release */ = {
			isa = XCBuildConfiguration;
			buildSettings = {
				ALWAYS_SEARCH_USER_PATHS = NO;
				CLANG_ANALYZER_NONNULL = YES;
				CLANG_ANALYZER_NUMBER_OBJECT_CONVERSION = YES_AGGRESSIVE;
				CLANG_CXX_LANGUAGE_STANDARD = "gnu++14";
				CLANG_CXX_LIBRARY = "libc++";
				CLANG_ENABLE_MODULES = YES;
				CLANG_ENABLE_OBJC_ARC = YES;
				CLANG_ENABLE_OBJC_WEAK = YES;
				CLANG_WARN_BLOCK_CAPTURE_AUTORELEASING = YES;
				CLANG_WARN_BOOL_CONVERSION = YES;
				CLANG_WARN_COMMA = YES;
				CLANG_WARN_CONSTANT_CONVERSION = YES;
				CLANG_WARN_DEPRECATED_OBJC_IMPLEMENTATIONS = YES;
				CLANG_WARN_DIRECT_OBJC_ISA_USAGE = YES_ERROR;
				CLANG_WARN_DOCUMENTATION_COMMENTS = YES;
				CLANG_WARN_EMPTY_BODY = YES;
				CLANG_WARN_ENUM_CONVERSION = YES;
				CLANG_WARN_INFINITE_RECURSION = YES;
				CLANG_WARN_INT_CONVERSION = YES;
				CLANG_WARN_NON_LITERAL_NULL_CONVERSION = YES;
				CLANG_WARN_OBJC_IMPLICIT_RETAIN_SELF = YES;
				CLANG_WARN_OBJC_LITERAL_CONVERSION = YES;
				CLANG_WARN_OBJC_ROOT_CLASS = YES_ERROR;
				CLANG_WARN_RANGE_LOOP_ANALYSIS = YES;
				CLANG_WARN_STRICT_PROTOTYPES = YES;
				CLANG_WARN_SUSPICIOUS_MOVE = YES;
				CLANG_WARN_UNGUARDED_AVAILABILITY = YES_AGGRESSIVE;
				CLANG_WARN_UNREACHABLE_CODE = YES;
				CLANG_WARN__DUPLICATE_METHOD_MATCH = YES;
				COPY_PHASE_STRIP = NO;
				DEBUG_INFORMATION_FORMAT = "dwarf-with-dsym";
				ENABLE_NS_ASSERTIONS = NO;
				ENABLE_STRICT_OBJC_MSGSEND = YES;
				GCC_C_LANGUAGE_STANDARD = gnu11;
				GCC_NO_COMMON_BLOCKS = YES;
				GCC_WARN_64_TO_32_BIT_CONVERSION = YES;
				GCC_WARN_ABOUT_RETURN_TYPE = YES_ERROR;
				GCC_WARN_UNDECLARED_SELECTOR = YES;
				GCC_WARN_UNINITIALIZED_AUTOS = YES_AGGRESSIVE;
				GCC_WARN_UNUSED_FUNCTION = YES;
				GCC_WARN_UNUSED_VARIABLE = YES;
				IPHONEOS_DEPLOYMENT_TARGET = 13.2;
				MTL_ENABLE_DEBUG_INFO = NO;
				MTL_FAST_MATH = YES;
				SDKROOT = iphoneos;
				SWIFT_COMPILATION_MODE = wholemodule;
				SWIFT_OPTIMIZATION_LEVEL = "-O";
				VALIDATE_PRODUCT = YES;
			};
			name = Release;
		};
		96E9D4CB23C55310002D949F /* Debug */ = {
			isa = XCBuildConfiguration;
			baseConfigurationReference = 7802717395B29DAEE0EBF3B2 /* Pods-UWShare.debug.xcconfig */;
			buildSettings = {
				ASSETCATALOG_COMPILER_APPICON_NAME = AppIcon;
				CODE_SIGN_STYLE = Automatic;
				DEVELOPMENT_ASSET_PATHS = "\"UWShare/Preview Content\"";
				DEVELOPMENT_TEAM = 93972LDQKN;
				ENABLE_PREVIEWS = YES;
				INFOPLIST_FILE = UWShare/Info.plist;
				LD_RUNPATH_SEARCH_PATHS = (
					"$(inherited)",
					"@executable_path/Frameworks",
				);
				PRODUCT_BUNDLE_IDENTIFIER = "Jason-Chen.UWShare";
				PRODUCT_NAME = "$(TARGET_NAME)";
				SWIFT_VERSION = 5.0;
				TARGETED_DEVICE_FAMILY = "1,2";
			};
			name = Debug;
		};
		96E9D4CC23C55310002D949F /* Release */ = {
			isa = XCBuildConfiguration;
			baseConfigurationReference = B3E0DA32965622F5CC1BFA10 /* Pods-UWShare.release.xcconfig */;
			buildSettings = {
				ASSETCATALOG_COMPILER_APPICON_NAME = AppIcon;
				CODE_SIGN_STYLE = Automatic;
				DEVELOPMENT_ASSET_PATHS = "\"UWShare/Preview Content\"";
				DEVELOPMENT_TEAM = 93972LDQKN;
				ENABLE_PREVIEWS = YES;
				INFOPLIST_FILE = UWShare/Info.plist;
				LD_RUNPATH_SEARCH_PATHS = (
					"$(inherited)",
					"@executable_path/Frameworks",
				);
				PRODUCT_BUNDLE_IDENTIFIER = "Jason-Chen.UWShare";
				PRODUCT_NAME = "$(TARGET_NAME)";
				SWIFT_VERSION = 5.0;
				TARGETED_DEVICE_FAMILY = "1,2";
			};
			name = Release;
		};
		96E9D4CE23C55310002D949F /* Debug */ = {
			isa = XCBuildConfiguration;
			baseConfigurationReference = FFC902F21D5D828664E8B8A1 /* Pods-UWShareTests.debug.xcconfig */;
			buildSettings = {
				ALWAYS_EMBED_SWIFT_STANDARD_LIBRARIES = YES;
				BUNDLE_LOADER = "$(TEST_HOST)";
				CODE_SIGN_STYLE = Automatic;
				INFOPLIST_FILE = UWShareTests/Info.plist;
				IPHONEOS_DEPLOYMENT_TARGET = 13.2;
				LD_RUNPATH_SEARCH_PATHS = (
					"$(inherited)",
					"@executable_path/Frameworks",
					"@loader_path/Frameworks",
				);
				PRODUCT_BUNDLE_IDENTIFIER = "Jason-Chen.UWShareTests";
				PRODUCT_NAME = "$(TARGET_NAME)";
				SWIFT_VERSION = 5.0;
				TARGETED_DEVICE_FAMILY = "1,2";
				TEST_HOST = "$(BUILT_PRODUCTS_DIR)/UWShare.app/UWShare";
			};
			name = Debug;
		};
		96E9D4CF23C55310002D949F /* Release */ = {
			isa = XCBuildConfiguration;
			baseConfigurationReference = 900C9E59655D77EA4844F49D /* Pods-UWShareTests.release.xcconfig */;
			buildSettings = {
				ALWAYS_EMBED_SWIFT_STANDARD_LIBRARIES = YES;
				BUNDLE_LOADER = "$(TEST_HOST)";
				CODE_SIGN_STYLE = Automatic;
				INFOPLIST_FILE = UWShareTests/Info.plist;
				IPHONEOS_DEPLOYMENT_TARGET = 13.2;
				LD_RUNPATH_SEARCH_PATHS = (
					"$(inherited)",
					"@executable_path/Frameworks",
					"@loader_path/Frameworks",
				);
				PRODUCT_BUNDLE_IDENTIFIER = "Jason-Chen.UWShareTests";
				PRODUCT_NAME = "$(TARGET_NAME)";
				SWIFT_VERSION = 5.0;
				TARGETED_DEVICE_FAMILY = "1,2";
				TEST_HOST = "$(BUILT_PRODUCTS_DIR)/UWShare.app/UWShare";
			};
			name = Release;
		};
		96E9D4D123C55310002D949F /* Debug */ = {
			isa = XCBuildConfiguration;
			baseConfigurationReference = A75618E22A3106377A0370B2 /* Pods-UWShare-UWShareUITests.debug.xcconfig */;
			buildSettings = {
				ALWAYS_EMBED_SWIFT_STANDARD_LIBRARIES = YES;
				CODE_SIGN_STYLE = Automatic;
				INFOPLIST_FILE = UWShareUITests/Info.plist;
				LD_RUNPATH_SEARCH_PATHS = (
					"$(inherited)",
					"@executable_path/Frameworks",
					"@loader_path/Frameworks",
				);
				PRODUCT_BUNDLE_IDENTIFIER = "Jason-Chen.UWShareUITests";
				PRODUCT_NAME = "$(TARGET_NAME)";
				SWIFT_VERSION = 5.0;
				TARGETED_DEVICE_FAMILY = "1,2";
				TEST_TARGET_NAME = UWShare;
			};
			name = Debug;
		};
		96E9D4D223C55310002D949F /* Release */ = {
			isa = XCBuildConfiguration;
			baseConfigurationReference = 15617050FBC210F997ABAC62 /* Pods-UWShare-UWShareUITests.release.xcconfig */;
			buildSettings = {
				ALWAYS_EMBED_SWIFT_STANDARD_LIBRARIES = YES;
				CODE_SIGN_STYLE = Automatic;
				INFOPLIST_FILE = UWShareUITests/Info.plist;
				LD_RUNPATH_SEARCH_PATHS = (
					"$(inherited)",
					"@executable_path/Frameworks",
					"@loader_path/Frameworks",
				);
				PRODUCT_BUNDLE_IDENTIFIER = "Jason-Chen.UWShareUITests";
				PRODUCT_NAME = "$(TARGET_NAME)";
				SWIFT_VERSION = 5.0;
				TARGETED_DEVICE_FAMILY = "1,2";
				TEST_TARGET_NAME = UWShare;
			};
			name = Release;
		};
/* End XCBuildConfiguration section */

/* Begin XCConfigurationList section */
		96E9D49B23C5530E002D949F /* Build configuration list for PBXProject "UWShare" */ = {
			isa = XCConfigurationList;
			buildConfigurations = (
				96E9D4C823C55310002D949F /* Debug */,
				96E9D4C923C55310002D949F /* Release */,
			);
			defaultConfigurationIsVisible = 0;
			defaultConfigurationName = Release;
		};
		96E9D4CA23C55310002D949F /* Build configuration list for PBXNativeTarget "UWShare" */ = {
			isa = XCConfigurationList;
			buildConfigurations = (
				96E9D4CB23C55310002D949F /* Debug */,
				96E9D4CC23C55310002D949F /* Release */,
			);
			defaultConfigurationIsVisible = 0;
			defaultConfigurationName = Release;
		};
		96E9D4CD23C55310002D949F /* Build configuration list for PBXNativeTarget "UWShareTests" */ = {
			isa = XCConfigurationList;
			buildConfigurations = (
				96E9D4CE23C55310002D949F /* Debug */,
				96E9D4CF23C55310002D949F /* Release */,
			);
			defaultConfigurationIsVisible = 0;
			defaultConfigurationName = Release;
		};
		96E9D4D023C55310002D949F /* Build configuration list for PBXNativeTarget "UWShareUITests" */ = {
			isa = XCConfigurationList;
			buildConfigurations = (
				96E9D4D123C55310002D949F /* Debug */,
				96E9D4D223C55310002D949F /* Release */,
			);
			defaultConfigurationIsVisible = 0;
			defaultConfigurationName = Release;
		};
/* End XCConfigurationList section */
	};
	rootObject = 96E9D49823C5530E002D949F /* Project object */;
}
